
Microsoft Visual Studio Solution File, Format Version 12.00
# Visual Studio Version 17
VisualStudioVersion = 17.7.34003.232
MinimumVisualStudioVersion = 10.0.40219.1
Project("{FAE04EC0-301F-11D3-BF4B-00C04F79EFBC}") = "IDPSDemo", "IDPSDemo.csproj", "{01E67D7B-545E-4F3D-AAF1-1E22595A6D30}"
EndProject
Global
	GlobalSection(SolutionConfigurationPlatforms) = preSolution
		Debug|Any CPU = Debug|Any CPU
		Release|Any CPU = Release|Any CPU
	EndGlobalSection
	GlobalSection(ProjectConfigurationPlatforms) = postSolution
		{01E67D7B-545E-4F3D-AAF1-1E22595A6D30}.Debug|Any CPU.ActiveCfg = Debug|Any CPU
		{01E67D7B-545E-4F3D-AAF1-1E22595A6D30}.Debug|Any CPU.Build.0 = Debug|Any CPU
		{01E67D7B-545E-4F3D-AAF1-1E22595A6D30}.Release|Any CPU.ActiveCfg = Release|Any CPU
		{01E67D7B-545E-4F3D-AAF1-1E22595A6D30}.Release|Any CPU.Build.0 = Release|Any CPU
	EndGlobalSection
	GlobalSection(SolutionProperties) = preSolution
		HideSolutionNode = FALSE
	EndGlobalSection
	GlobalSection(ExtensibilityGlobals) = postSolution
		SolutionGuid = {0BC1ABF7-ADF1-49D8-849A-3A191BA91401}
	EndGlobalSection
EndGlobal
